
Microsoft Visual Studio Solution File, Format Version 12.00
# TcXaeShell Solution File, Format Version 11.00
VisualStudioVersion = 17.7.34302.85
MinimumVisualStudioVersion = 10.0.40219.1
Project("{B1E792BE-AA5F-4E3C-8C82-674BF9C0715B}") = "NewGitProject", "NewGitProject\NewGitProject.tsproj", "{84727D48-2679-4350-97F1-BF526B8A3CC2}"
EndProject
Global
	GlobalSection(SolutionConfigurationPlatforms) = preSolution
		Debug|TwinCAT OS (ARMV7-A) = Debug|TwinCAT OS (ARMV7-A)
		Debug|TwinCAT OS (ARMV7-M) = Debug|TwinCAT OS (ARMV7-M)
		Debug|TwinCAT OS (ARMV8-A) = Debug|TwinCAT OS (ARMV8-A)
		Debug|TwinCAT OS (x64) = Debug|TwinCAT OS (x64)
		Debug|TwinCAT OS (x64-E) = Debug|TwinCAT OS (x64-E)
		Debug|TwinCAT RT (x64) = Debug|TwinCAT RT (x64)
		Debug|TwinCAT RT (x86) = Debug|TwinCAT RT (x86)
		Release|TwinCAT OS (ARMV7-A) = Release|TwinCAT OS (ARMV7-A)
		Release|TwinCAT OS (ARMV7-M) = Release|TwinCAT OS (ARMV7-M)
		Release|TwinCAT OS (ARMV8-A) = Release|TwinCAT OS (ARMV8-A)
		Release|TwinCAT OS (x64) = Release|TwinCAT OS (x64)
		Release|TwinCAT OS (x64-E) = Release|TwinCAT OS (x64-E)
		Release|TwinCAT RT (x64) = Release|TwinCAT RT (x64)
		Release|TwinCAT RT (x86) = Release|TwinCAT RT (x86)
	EndGlobalSection
	GlobalSection(ProjectConfigurationPlatforms) = postSolution
		{84727D48-2679-4350-97F1-BF526B8A3CC2}.Debug|TwinCAT OS (ARMV7-A).ActiveCfg = Debug|TwinCAT OS (ARMV7-A)
		{84727D48-2679-4350-97F1-BF526B8A3CC2}.Debug|TwinCAT OS (ARMV7-A).Build.0 = Debug|TwinCAT OS (ARMV7-A)
		{84727D48-2679-4350-97F1-BF526B8A3CC2}.Debug|TwinCAT OS (ARMV7-M).ActiveCfg = Debug|TwinCAT OS (ARMV7-M)
		{84727D48-2679-4350-97F1-BF526B8A3CC2}.Debug|TwinCAT OS (ARMV7-M).Build.0 = Debug|TwinCAT OS (ARMV7-M)
		{84727D48-2679-4350-97F1-BF526B8A3CC2}.Debug|TwinCAT OS (ARMV8-A).ActiveCfg = Debug|TwinCAT OS (ARMV8-A)
		{84727D48-2679-4350-97F1-BF526B8A3CC2}.Debug|TwinCAT OS (ARMV8-A).Build.0 = Debug|TwinCAT OS (ARMV8-A)
		{84727D48-2679-4350-97F1-BF526B8A3CC2}.Debug|TwinCAT OS (x64).ActiveCfg = Debug|TwinCAT OS (x64)
		{84727D48-2679-4350-97F1-BF526B8A3CC2}.Debug|TwinCAT OS (x64).Build.0 = Debug|TwinCAT OS (x64)
		{84727D48-2679-4350-97F1-BF526B8A3CC2}.Debug|TwinCAT OS (x64-E).ActiveCfg = Debug|TwinCAT OS (x64-E)
		{84727D48-2679-4350-97F1-BF526B8A3CC2}.Debug|TwinCAT OS (x64-E).Build.0 = Debug|TwinCAT OS (x64-E)
		{84727D48-2679-4350-97F1-BF526B8A3CC2}.Debug|TwinCAT RT (x64).ActiveCfg = Debug|TwinCAT RT (x64)
		{84727D48-2679-4350-97F1-BF526B8A3CC2}.Debug|TwinCAT RT (x64).Build.0 = Debug|TwinCAT RT (x64)
		{84727D48-2679-4350-97F1-BF526B8A3CC2}.Debug|TwinCAT RT (x86).ActiveCfg = Debug|TwinCAT RT (x86)
		{84727D48-2679-4350-97F1-BF526B8A3CC2}.Debug|TwinCAT RT (x86).Build.0 = Debug|TwinCAT RT (x86)
		{84727D48-2679-4350-97F1-BF526B8A3CC2}.Release|TwinCAT OS (ARMV7-A).ActiveCfg = Release|TwinCAT OS (ARMV7-A)
		{84727D48-2679-4350-97F1-BF526B8A3CC2}.Release|TwinCAT OS (ARMV7-A).Build.0 = Release|TwinCAT OS (ARMV7-A)
		{84727D48-2679-4350-97F1-BF526B8A3CC2}.Release|TwinCAT OS (ARMV7-M).ActiveCfg = Release|TwinCAT OS (ARMV7-M)
		{84727D48-2679-4350-97F1-BF526B8A3CC2}.Release|TwinCAT OS (ARMV7-M).Build.0 = Release|TwinCAT OS (ARMV7-M)
		{84727D48-2679-4350-97F1-BF526B8A3CC2}.Release|TwinCAT OS (ARMV8-A).ActiveCfg = Release|TwinCAT OS (ARMV8-A)
		{84727D48-2679-4350-97F1-BF526B8A3CC2}.Release|TwinCAT OS (ARMV8-A).Build.0 = Release|TwinCAT OS (ARMV8-A)
		{84727D48-2679-4350-97F1-BF526B8A3CC2}.Release|TwinCAT OS (x64).ActiveCfg = Release|TwinCAT OS (x64)
		{84727D48-2679-4350-97F1-BF526B8A3CC2}.Release|TwinCAT OS (x64).Build.0 = Release|TwinCAT OS (x64)
		{84727D48-2679-4350-97F1-BF526B8A3CC2}.Release|TwinCAT OS (x64-E).ActiveCfg = Release|TwinCAT OS (x64-E)
		{84727D48-2679-4350-97F1-BF526B8A3CC2}.Release|TwinCAT OS (x64-E).Build.0 = Release|TwinCAT OS (x64-E)
		{84727D48-2679-4350-97F1-BF526B8A3CC2}.Release|TwinCAT RT (x64).ActiveCfg = Release|TwinCAT RT (x64)
		{84727D48-2679-4350-97F1-BF526B8A3CC2}.Release|TwinCAT RT (x64).Build.0 = Release|TwinCAT RT (x64)
		{84727D48-2679-4350-97F1-BF526B8A3CC2}.Release|TwinCAT RT (x86).ActiveCfg = Release|TwinCAT RT (x86)
		{84727D48-2679-4350-97F1-BF526B8A3CC2}.Release|TwinCAT RT (x86).Build.0 = Release|TwinCAT RT (x86)
		{30D0EC39-983D-4E52-A16D-0CA4D7CF1136}.Debug|TwinCAT OS (ARMV7-A).ActiveCfg = Debug|TwinCAT OS (ARMV7-A)
		{30D0EC39-983D-4E52-A16D-0CA4D7CF1136}.Debug|TwinCAT OS (ARMV7-A).Build.0 = Debug|TwinCAT OS (ARMV7-A)
		{30D0EC39-983D-4E52-A16D-0CA4D7CF1136}.Debug|TwinCAT OS (ARMV7-M).ActiveCfg = Debug|TwinCAT OS (ARMV7-M)
		{30D0EC39-983D-4E52-A16D-0CA4D7CF1136}.Debug|TwinCAT OS (ARMV7-M).Build.0 = Debug|TwinCAT OS (ARMV7-M)
		{30D0EC39-983D-4E52-A16D-0CA4D7CF1136}.Debug|TwinCAT OS (ARMV8-A).ActiveCfg = Debug|TwinCAT OS (ARMV8-A)
		{30D0EC39-983D-4E52-A16D-0CA4D7CF1136}.Debug|TwinCAT OS (ARMV8-A).Build.0 = Debug|TwinCAT OS (ARMV8-A)
		{30D0EC39-983D-4E52-A16D-0CA4D7CF1136}.Debug|TwinCAT OS (x64).ActiveCfg = Debug|TwinCAT OS (x64)
		{30D0EC39-983D-4E52-A16D-0CA4D7CF1136}.Debug|TwinCAT OS (x64).Build.0 = Debug|TwinCAT OS (x64)
		{30D0EC39-983D-4E52-A16D-0CA4D7CF1136}.Debug|TwinCAT OS (x64-E).ActiveCfg = Debug|TwinCAT OS (x64-E)
		{30D0EC39-983D-4E52-A16D-0CA4D7CF1136}.Debug|TwinCAT OS (x64-E).Build.0 = Debug|TwinCAT OS (x64-E)
		{30D0EC39-983D-4E52-A16D-0CA4D7CF1136}.Debug|TwinCAT RT (x64).ActiveCfg = Debug|TwinCAT RT (x64)
		{30D0EC39-983D-4E52-A16D-0CA4D7CF1136}.Debug|TwinCAT RT (x64).Build.0 = Debug|TwinCAT RT (x64)
		{30D0EC39-983D-4E52-A16D-0CA4D7CF1136}.Debug|TwinCAT RT (x86).ActiveCfg = Debug|TwinCAT RT (x86)
		{30D0EC39-983D-4E52-A16D-0CA4D7CF1136}.Debug|TwinCAT RT (x86).Build.0 = Debug|TwinCAT RT (x86)
		{30D0EC39-983D-4E52-A16D-0CA4D7CF1136}.Release|TwinCAT OS (ARMV7-A).ActiveCfg = Release|TwinCAT OS (ARMV7-A)
		{30D0EC39-983D-4E52-A16D-0CA4D7CF1136}.Release|TwinCAT OS (ARMV7-A).Build.0 = Release|TwinCAT OS (ARMV7-A)
		{30D0EC39-983D-4E52-A16D-0CA4D7CF1136}.Release|TwinCAT OS (ARMV7-M).ActiveCfg = Release|TwinCAT OS (ARMV7-M)
		{30D0EC39-983D-4E52-A16D-0CA4D7CF1136}.Release|TwinCAT OS (ARMV7-M).Build.0 = Release|TwinCAT OS (ARMV7-M)
		{30D0EC39-983D-4E52-A16D-0CA4D7CF1136}.Release|TwinCAT OS (ARMV8-A).ActiveCfg = Release|TwinCAT OS (ARMV8-A)
		{30D0EC39-983D-4E52-A16D-0CA4D7CF1136}.Release|TwinCAT OS (ARMV8-A).Build.0 = Release|TwinCAT OS (ARMV8-A)
		{30D0EC39-983D-4E52-A16D-0CA4D7CF1136}.Release|TwinCAT OS (x64).ActiveCfg = Release|TwinCAT OS (x64)
		{30D0EC39-983D-4E52-A16D-0CA4D7CF1136}.Release|TwinCAT OS (x64).Build.0 = Release|TwinCAT OS (x64)
		{30D0EC39-983D-4E52-A16D-0CA4D7CF1136}.Release|TwinCAT OS (x64-E).ActiveCfg = Release|TwinCAT OS (x64-E)
		{30D0EC39-983D-4E52-A16D-0CA4D7CF1136}.Release|TwinCAT OS (x64-E).Build.0 = Release|TwinCAT OS (x64-E)
		{30D0EC39-983D-4E52-A16D-0CA4D7CF1136}.Release|TwinCAT RT (x64).ActiveCfg = Release|TwinCAT RT (x64)
		{30D0EC39-983D-4E52-A16D-0CA4D7CF1136}.Release|TwinCAT RT (x64).Build.0 = Release|TwinCAT RT (x64)
		{30D0EC39-983D-4E52-A16D-0CA4D7CF1136}.Release|TwinCAT RT (x86).ActiveCfg = Release|TwinCAT RT (x86)
		{30D0EC39-983D-4E52-A16D-0CA4D7CF1136}.Release|TwinCAT RT (x86).Build.0 = Release|TwinCAT RT (x86)
	EndGlobalSection
	GlobalSection(SolutionProperties) = preSolution
		HideSolutionNode = FALSE
	EndGlobalSection
	GlobalSection(ExtensibilityGlobals) = postSolution
		SolutionGuid = {3DC36F7C-D6BE-4C5B-AD13-643EED880C2A}
	EndGlobalSection
EndGlobal
